
Microsoft Visual Studio Solution File, Format Version 12.00
# Visual Studio Version 16
VisualStudioVersion = 16.0.31424.327
MinimumVisualStudioVersion = 10.0.40219.1
Project("{FAE04EC0-301F-11D3-BF4B-00C04F79EFBC}") = "ChessWPF", "ChessWPF\ChessWPF.csproj", "{641EBEA5-0BF2-45EF-9A7C-5DB7FDE1963E}"
EndProject
Project("{FAE04EC0-301F-11D3-BF4B-00C04F79EFBC}") = "ChessAPI", "ChessAPI\ChessAPI.csproj", "{285DF387-5DD7-4450-918E-74C9FDB9EE9F}"
EndProject
Global
	GlobalSection(SolutionConfigurationPlatforms) = preSolution
		Debug|Any CPU = Debug|Any CPU
		Release|Any CPU = Release|Any CPU
	EndGlobalSection
	GlobalSection(ProjectConfigurationPlatforms) = postSolution
		{641EBEA5-0BF2-45EF-9A7C-5DB7FDE1963E}.Debug|Any CPU.ActiveCfg = Debug|Any CPU
		{641EBEA5-0BF2-45EF-9A7C-5DB7FDE1963E}.Debug|Any CPU.Build.0 = Debug|Any CPU
		{641EBEA5-0BF2-45EF-9A7C-5DB7FDE1963E}.Release|Any CPU.ActiveCfg = Release|Any CPU
		{641EBEA5-0BF2-45EF-9A7C-5DB7FDE1963E}.Release|Any CPU.Build.0 = Release|Any CPU
		{285DF387-5DD7-4450-918E-74C9FDB9EE9F}.Debug|Any CPU.ActiveCfg = Debug|Any CPU
		{285DF387-5DD7-4450-918E-74C9FDB9EE9F}.Debug|Any CPU.Build.0 = Debug|Any CPU
		{285DF387-5DD7-4450-918E-74C9FDB9EE9F}.Release|Any CPU.ActiveCfg = Release|Any CPU
		{285DF387-5DD7-4450-918E-74C9FDB9EE9F}.Release|Any CPU.Build.0 = Release|Any CPU
	EndGlobalSection
	GlobalSection(SolutionProperties) = preSolution
		HideSolutionNode = FALSE
	EndGlobalSection
	GlobalSection(ExtensibilityGlobals) = postSolution
		SolutionGuid = {533ACC44-E152-44A8-9317-1A00F8CF1AA9}
	EndGlobalSection
EndGlobal
